{
  "name": "cs50w",
  "version": "1.0.0",
  "lockfileVersion": 1,
  "requires": true,
  "dependencies": {
    "bootstrap-scss": {
      "version": "4.1.2",
      "resolved": "https://registry.npmjs.org/bootstrap-scss/-/bootstrap-scss-4.1.2.tgz",
      "integrity": "sha512-Shdnh4Ulnrjx3RNBjroHUvubSmDe+W5vmvXclaSSzigUovJ1iQDd6a1O9r3wAI77gBwJxLIT9rA+2DLEfTQD+w=="
    }
  }
}
